
Microsoft Visual Studio Solution File, Format Version 12.00
# Visual Studio Version 17
VisualStudioVersion = 17.9.34902.65
MinimumVisualStudioVersion = 10.0.40219.1
Project("{FAE04EC0-301F-11D3-BF4B-00C04F79EFBC}") = "ECommerceWebsite", "ECommerceWebsite.csproj", "{CCB51662-E46C-4F05-9526-C36B8C26BEC4}"
EndProject
Global
	GlobalSection(SolutionConfigurationPlatforms) = preSolution
		Debug|Any CPU = Debug|Any CPU
		Release|Any CPU = Release|Any CPU
	EndGlobalSection
	GlobalSection(ProjectConfigurationPlatforms) = postSolution
		{CCB51662-E46C-4F05-9526-C36B8C26BEC4}.Debug|Any CPU.ActiveCfg = Debug|Any CPU
		{CCB51662-E46C-4F05-9526-C36B8C26BEC4}.Debug|Any CPU.Build.0 = Debug|Any CPU
		{CCB51662-E46C-4F05-9526-C36B8C26BEC4}.Release|Any CPU.ActiveCfg = Release|Any CPU
		{CCB51662-E46C-4F05-9526-C36B8C26BEC4}.Release|Any CPU.Build.0 = Release|Any CPU
	EndGlobalSection
	GlobalSection(SolutionProperties) = preSolution
		HideSolutionNode = FALSE
	EndGlobalSection
	GlobalSection(ExtensibilityGlobals) = postSolution
		SolutionGuid = {412B3451-08E3-4295-B9E9-9C309C850154}
	EndGlobalSection
EndGlobal
